
Microsoft Visual Studio Solution File, Format Version 12.00
# Visual Studio Version 17
VisualStudioVersion = 17.5.33627.172
MinimumVisualStudioVersion = 10.0.40219.1
Project("{9A19103F-16F7-4668-BE54-9A1E7A4F7556}") = "Container-Cat", "Container-Cat\Container-Cat.csproj", "{3BD9CB5C-060B-4355-8409-F9396621C81B}"
EndProject
Global
	GlobalSection(SolutionConfigurationPlatforms) = preSolution
		Debug|Any CPU = Debug|Any CPU
		Release|Any CPU = Release|Any CPU
	EndGlobalSection
	GlobalSection(ProjectConfigurationPlatforms) = postSolution
		{3BD9CB5C-060B-4355-8409-F9396621C81B}.Debug|Any CPU.ActiveCfg = Debug|Any CPU
		{3BD9CB5C-060B-4355-8409-F9396621C81B}.Debug|Any CPU.Build.0 = Debug|Any CPU
		{3BD9CB5C-060B-4355-8409-F9396621C81B}.Release|Any CPU.ActiveCfg = Release|Any CPU
		{3BD9CB5C-060B-4355-8409-F9396621C81B}.Release|Any CPU.Build.0 = Release|Any CPU
	EndGlobalSection
	GlobalSection(SolutionProperties) = preSolution
		HideSolutionNode = FALSE
	EndGlobalSection
	GlobalSection(ExtensibilityGlobals) = postSolution
		SolutionGuid = {56BF9782-9A11-4B53-BD8A-C7B450A51170}
	EndGlobalSection
EndGlobal
